
Microsoft Visual Studio Solution File, Format Version 12.00
# Visual Studio Version 17
VisualStudioVersion = 17.10.35013.160
MinimumVisualStudioVersion = 10.0.40219.1
Project("{9092AA53-FB77-4645-B42D-1CCCA6BD08BD}") = "BackendServer", "BackendServer\BackendServer.njsproj", "{21F5F25B-3026-4B77-8B3E-4A6F23149D6E}"
EndProject
Global
	GlobalSection(SolutionConfigurationPlatforms) = preSolution
		Debug|Any CPU = Debug|Any CPU
		Release|Any CPU = Release|Any CPU
	EndGlobalSection
	GlobalSection(ProjectConfigurationPlatforms) = postSolution
		{21F5F25B-3026-4B77-8B3E-4A6F23149D6E}.Debug|Any CPU.ActiveCfg = Debug|Any CPU
		{21F5F25B-3026-4B77-8B3E-4A6F23149D6E}.Debug|Any CPU.Build.0 = Debug|Any CPU
		{21F5F25B-3026-4B77-8B3E-4A6F23149D6E}.Release|Any CPU.ActiveCfg = Release|Any CPU
		{21F5F25B-3026-4B77-8B3E-4A6F23149D6E}.Release|Any CPU.Build.0 = Release|Any CPU
	EndGlobalSection
	GlobalSection(SolutionProperties) = preSolution
		HideSolutionNode = FALSE
	EndGlobalSection
	GlobalSection(ExtensibilityGlobals) = postSolution
		SolutionGuid = {354254B7-2CD1-4CB2-9FFC-789F869D3A77}
	EndGlobalSection
EndGlobal
